
Microsoft Visual Studio Solution File, Format Version 12.00
# Visual Studio 2013
VisualStudioVersion = 12.0.31101.0
MinimumVisualStudioVersion = 10.0.40219.1
Project("{FAE04EC0-301F-11D3-BF4B-00C04F79EFBC}") = "CforTK", "CforTK\CforTK.csproj", "{FB75D3AD-08E2-4FB1-A802-360023A6EB49}"
EndProject
Project("{FAE04EC0-301F-11D3-BF4B-00C04F79EFBC}") = "BibleAppLibrary", "BibleAppLibrary\BibleAppLibrary.csproj", "{BEDCAE28-11CA-456F-A066-FAB5AB50B23D}"
EndProject
Global
	GlobalSection(SolutionConfigurationPlatforms) = preSolution
		Debug|Any CPU = Debug|Any CPU
		Release|Any CPU = Release|Any CPU
	EndGlobalSection
	GlobalSection(ProjectConfigurationPlatforms) = postSolution
		{FB75D3AD-08E2-4FB1-A802-360023A6EB49}.Debug|Any CPU.ActiveCfg = Debug|Any CPU
		{FB75D3AD-08E2-4FB1-A802-360023A6EB49}.Debug|Any CPU.Build.0 = Debug|Any CPU
		{FB75D3AD-08E2-4FB1-A802-360023A6EB49}.Release|Any CPU.ActiveCfg = Release|Any CPU
		{FB75D3AD-08E2-4FB1-A802-360023A6EB49}.Release|Any CPU.Build.0 = Release|Any CPU
		{BEDCAE28-11CA-456F-A066-FAB5AB50B23D}.Debug|Any CPU.ActiveCfg = Debug|Any CPU
		{BEDCAE28-11CA-456F-A066-FAB5AB50B23D}.Debug|Any CPU.Build.0 = Debug|Any CPU
		{BEDCAE28-11CA-456F-A066-FAB5AB50B23D}.Release|Any CPU.ActiveCfg = Release|Any CPU
		{BEDCAE28-11CA-456F-A066-FAB5AB50B23D}.Release|Any CPU.Build.0 = Release|Any CPU
	EndGlobalSection
	GlobalSection(SolutionProperties) = preSolution
		HideSolutionNode = FALSE
	EndGlobalSection
EndGlobal
